# This file is automatically @generated by Wally.
# It is not intended for manual editing.
registry = "test"

[[package]]
name = "data-oriented-house/lemonsignal"
version = "1.10.0"
dependencies = []

[[package]]
name = "evaera/promise"
version = "4.0.0"
dependencies = []

[[package]]
name = "ffrostflame/bridgenet2"
version = "1.0.0"
dependencies = [["RemotePacketSizeCounter", "pysephwasntavailable/remotepacketsizecounter@2.4.1"], ["TableKit", "ffrostflame/tablekit@0.2.4"], ["wallyInstanceManager", "ffrostflame/wally-instance-manager@0.1.0"]]

[[package]]
name = "ffrostflame/tablekit"
version = "0.2.4"
dependencies = []

[[package]]
name = "ffrostflame/wally-instance-manager"
version = "0.1.0"
dependencies = []

[[package]]
name = "pysephwasntavailable/remotepacketsizecounter"
version = "2.4.1"
dependencies = []

[[package]]
name = "siren10/cardinal"
version = "0.0.1"
dependencies = [["bridgenet2", "ffrostflame/bridgenet2@1.0.0"], ["lemonsignal", "data-oriented-house/lemonsignal@1.10.0"], ["promise", "evaera/promise@4.0.0"], ["trove", "sleitnick/trove@1.2.0"]]

[[package]]
name = "sleitnick/trove"
version = "1.2.0"
dependencies = []
